
Microsoft Visual Studio Solution File, Format Version 12.00
# Visual Studio Version 17
VisualStudioVersion = 17.5.33516.290
MinimumVisualStudioVersion = 10.0.40219.1
Project("{FAE04EC0-301F-11D3-BF4B-00C04F79EFBC}") = "Baseball Game", "Baseball Game.csproj", "{B11CD362-73CB-4EBF-877B-5E47AD9819CC}"
EndProject
Global
	GlobalSection(SolutionConfigurationPlatforms) = preSolution
		Debug|Any CPU = Debug|Any CPU
		Release|Any CPU = Release|Any CPU
	EndGlobalSection
	GlobalSection(ProjectConfigurationPlatforms) = postSolution
		{B11CD362-73CB-4EBF-877B-5E47AD9819CC}.Debug|Any CPU.ActiveCfg = Debug|Any CPU
		{B11CD362-73CB-4EBF-877B-5E47AD9819CC}.Debug|Any CPU.Build.0 = Debug|Any CPU
		{B11CD362-73CB-4EBF-877B-5E47AD9819CC}.Release|Any CPU.ActiveCfg = Release|Any CPU
		{B11CD362-73CB-4EBF-877B-5E47AD9819CC}.Release|Any CPU.Build.0 = Release|Any CPU
	EndGlobalSection
	GlobalSection(SolutionProperties) = preSolution
		HideSolutionNode = FALSE
	EndGlobalSection
	GlobalSection(ExtensibilityGlobals) = postSolution
		SolutionGuid = {7D749D96-3169-4B38-B06E-38198C0F0CFB}
	EndGlobalSection
EndGlobal
