
Microsoft Visual Studio Solution File, Format Version 12.00
# Visual Studio Version 17
VisualStudioVersion = 17.4.33213.308
MinimumVisualStudioVersion = 10.0.40219.1
Project("{FAE04EC0-301F-11D3-BF4B-00C04F79EFBC}") = "Composition", "Composition\Composition.csproj", "{90E1C79C-F8FA-4D34-A974-3243757EEEEB}"
EndProject
Global
	GlobalSection(SolutionConfigurationPlatforms) = preSolution
		Debug|Any CPU = Debug|Any CPU
		Release|Any CPU = Release|Any CPU
	EndGlobalSection
	GlobalSection(ProjectConfigurationPlatforms) = postSolution
		{90E1C79C-F8FA-4D34-A974-3243757EEEEB}.Debug|Any CPU.ActiveCfg = Debug|Any CPU
		{90E1C79C-F8FA-4D34-A974-3243757EEEEB}.Debug|Any CPU.Build.0 = Debug|Any CPU
		{90E1C79C-F8FA-4D34-A974-3243757EEEEB}.Release|Any CPU.ActiveCfg = Release|Any CPU
		{90E1C79C-F8FA-4D34-A974-3243757EEEEB}.Release|Any CPU.Build.0 = Release|Any CPU
	EndGlobalSection
	GlobalSection(SolutionProperties) = preSolution
		HideSolutionNode = FALSE
	EndGlobalSection
	GlobalSection(ExtensibilityGlobals) = postSolution
		SolutionGuid = {DAFF1EE3-2410-4C68-B9F5-CCF579B2E0B9}
	EndGlobalSection
EndGlobal
