
Microsoft Visual Studio Solution File, Format Version 12.00
# Visual Studio Version 17
VisualStudioVersion = 17.5.33516.290
MinimumVisualStudioVersion = 10.0.40219.1
Project("{FAE04EC0-301F-11D3-BF4B-00C04F79EFBC}") = "ExceptionsDemo", "ExceptionsDemo\ExceptionsDemo.csproj", "{5FFB49C1-7866-437B-9F21-76055D6E2784}"
EndProject
Global
	GlobalSection(SolutionConfigurationPlatforms) = preSolution
		Debug|Any CPU = Debug|Any CPU
		Release|Any CPU = Release|Any CPU
	EndGlobalSection
	GlobalSection(ProjectConfigurationPlatforms) = postSolution
		{5FFB49C1-7866-437B-9F21-76055D6E2784}.Debug|Any CPU.ActiveCfg = Debug|Any CPU
		{5FFB49C1-7866-437B-9F21-76055D6E2784}.Debug|Any CPU.Build.0 = Debug|Any CPU
		{5FFB49C1-7866-437B-9F21-76055D6E2784}.Release|Any CPU.ActiveCfg = Release|Any CPU
		{5FFB49C1-7866-437B-9F21-76055D6E2784}.Release|Any CPU.Build.0 = Release|Any CPU
	EndGlobalSection
	GlobalSection(SolutionProperties) = preSolution
		HideSolutionNode = FALSE
	EndGlobalSection
	GlobalSection(ExtensibilityGlobals) = postSolution
		SolutionGuid = {6F50DE7C-68AB-42BC-9994-15D159012B1C}
	EndGlobalSection
EndGlobal
