
Microsoft Visual Studio Solution File, Format Version 12.00
# Visual Studio Version 16
VisualStudioVersion = 16.0.29409.12
MinimumVisualStudioVersion = 10.0.40219.1
Project("{FAE04EC0-301F-11D3-BF4B-00C04F79EFBC}") = "HtmlWriter", "HtmlWriter.csproj", "{C006E6EE-FAB8-491C-8FE6-DE25B6A92860}"
EndProject
Global
	GlobalSection(SolutionConfigurationPlatforms) = preSolution
		Debug|Any CPU = Debug|Any CPU
		Release|Any CPU = Release|Any CPU
	EndGlobalSection
	GlobalSection(ProjectConfigurationPlatforms) = postSolution
		{C006E6EE-FAB8-491C-8FE6-DE25B6A92860}.Debug|Any CPU.ActiveCfg = Debug|Any CPU
		{C006E6EE-FAB8-491C-8FE6-DE25B6A92860}.Debug|Any CPU.Build.0 = Debug|Any CPU
		{C006E6EE-FAB8-491C-8FE6-DE25B6A92860}.Release|Any CPU.ActiveCfg = Release|Any CPU
		{C006E6EE-FAB8-491C-8FE6-DE25B6A92860}.Release|Any CPU.Build.0 = Release|Any CPU
	EndGlobalSection
	GlobalSection(SolutionProperties) = preSolution
		HideSolutionNode = FALSE
	EndGlobalSection
	GlobalSection(ExtensibilityGlobals) = postSolution
		SolutionGuid = {0C39F345-650E-4CA8-93AB-FDD5095EBB69}
	EndGlobalSection
EndGlobal
