
Microsoft Visual Studio Solution File, Format Version 12.00
# Visual Studio Version 17
VisualStudioVersion = 17.4.33213.308
MinimumVisualStudioVersion = 10.0.40219.1
Project("{FAE04EC0-301F-11D3-BF4B-00C04F79EFBC}") = "Exam", "Exam.csproj", "{AD3E99AC-6301-4B54-B374-BBA12858FDD9}"
EndProject
Global
	GlobalSection(SolutionConfigurationPlatforms) = preSolution
		Debug|Any CPU = Debug|Any CPU
		Release|Any CPU = Release|Any CPU
	EndGlobalSection
	GlobalSection(ProjectConfigurationPlatforms) = postSolution
		{AD3E99AC-6301-4B54-B374-BBA12858FDD9}.Debug|Any CPU.ActiveCfg = Debug|Any CPU
		{AD3E99AC-6301-4B54-B374-BBA12858FDD9}.Debug|Any CPU.Build.0 = Debug|Any CPU
		{AD3E99AC-6301-4B54-B374-BBA12858FDD9}.Release|Any CPU.ActiveCfg = Release|Any CPU
		{AD3E99AC-6301-4B54-B374-BBA12858FDD9}.Release|Any CPU.Build.0 = Release|Any CPU
	EndGlobalSection
	GlobalSection(SolutionProperties) = preSolution
		HideSolutionNode = FALSE
	EndGlobalSection
	GlobalSection(ExtensibilityGlobals) = postSolution
		SolutionGuid = {B54230D0-7268-47F1-8563-4F2089E18A2D}
	EndGlobalSection
EndGlobal
