
Microsoft Visual Studio Solution File, Format Version 12.00
# Visual Studio Version 17
VisualStudioVersion = 17.1.32228.430
MinimumVisualStudioVersion = 10.0.40219.1
Project("{9A19103F-16F7-4668-BE54-9A1E7A4F7556}") = "AspNetCoreDemo", "AspNetCoreDemo\AspNetCoreDemo.csproj", "{C394EE35-9E6C-4244-8087-126B3BCFD060}"
EndProject
Project("{9A19103F-16F7-4668-BE54-9A1E7A4F7556}") = "AspNetCoreDemo.Tests", "AspNetCoreDemo.Tests\AspNetCoreDemo.Tests.csproj", "{C93FE750-6BBD-437B-A071-8B5AE6F483D3}"
EndProject
Global
	GlobalSection(SolutionConfigurationPlatforms) = preSolution
		Debug|Any CPU = Debug|Any CPU
		Release|Any CPU = Release|Any CPU
	EndGlobalSection
	GlobalSection(ProjectConfigurationPlatforms) = postSolution
		{C394EE35-9E6C-4244-8087-126B3BCFD060}.Debug|Any CPU.ActiveCfg = Debug|Any CPU
		{C394EE35-9E6C-4244-8087-126B3BCFD060}.Debug|Any CPU.Build.0 = Debug|Any CPU
		{C394EE35-9E6C-4244-8087-126B3BCFD060}.Release|Any CPU.ActiveCfg = Release|Any CPU
		{C394EE35-9E6C-4244-8087-126B3BCFD060}.Release|Any CPU.Build.0 = Release|Any CPU
		{C93FE750-6BBD-437B-A071-8B5AE6F483D3}.Debug|Any CPU.ActiveCfg = Debug|Any CPU
		{C93FE750-6BBD-437B-A071-8B5AE6F483D3}.Debug|Any CPU.Build.0 = Debug|Any CPU
		{C93FE750-6BBD-437B-A071-8B5AE6F483D3}.Release|Any CPU.ActiveCfg = Release|Any CPU
		{C93FE750-6BBD-437B-A071-8B5AE6F483D3}.Release|Any CPU.Build.0 = Release|Any CPU
	EndGlobalSection
	GlobalSection(SolutionProperties) = preSolution
		HideSolutionNode = FALSE
	EndGlobalSection
	GlobalSection(ExtensibilityGlobals) = postSolution
		SolutionGuid = {CCD26EC4-172A-4A6D-9DFA-BC1FE601F6E5}
	EndGlobalSection
EndGlobal
