
Microsoft Visual Studio Solution File, Format Version 12.00
# Visual Studio Version 17
VisualStudioVersion = 17.5.33516.290
MinimumVisualStudioVersion = 10.0.40219.1
Project("{9A19103F-16F7-4668-BE54-9A1E7A4F7556}") = "Inventory Manager", "Inventory Manager.csproj", "{05BAF816-14A1-43E0-93EF-9BF1DB264272}"
EndProject
Project("{FAE04EC0-301F-11D3-BF4B-00C04F79EFBC}") = "Just count", "..\Just count\Just count.csproj", "{BED69D74-6289-4CAB-8D30-BE111F855E65}"
EndProject
Project("{FAE04EC0-301F-11D3-BF4B-00C04F79EFBC}") = "Gotta catch 'em all", "..\Gotta catch 'em all\Gotta catch 'em all.csproj", "{7B275702-B52D-4170-B409-3C7DDBA29BB5}"
EndProject
Project("{FAE04EC0-301F-11D3-BF4B-00C04F79EFBC}") = "Gotta Catch em all 2", "..\Gotta Catch em all 2\Gotta Catch em all 2.csproj", "{752B793A-12BD-4815-ADE6-D906293DBE11}"
EndProject
Project("{FAE04EC0-301F-11D3-BF4B-00C04F79EFBC}") = "Gotta catch em all 3", "..\Gotta catch em all 3\Gotta catch em all 3.csproj", "{550FC6C7-1CCC-44B6-89D9-F93907C55999}"
EndProject
Global
	GlobalSection(SolutionConfigurationPlatforms) = preSolution
		Debug|Any CPU = Debug|Any CPU
		Release|Any CPU = Release|Any CPU
	EndGlobalSection
	GlobalSection(ProjectConfigurationPlatforms) = postSolution
		{05BAF816-14A1-43E0-93EF-9BF1DB264272}.Debug|Any CPU.ActiveCfg = Debug|Any CPU
		{05BAF816-14A1-43E0-93EF-9BF1DB264272}.Debug|Any CPU.Build.0 = Debug|Any CPU
		{05BAF816-14A1-43E0-93EF-9BF1DB264272}.Release|Any CPU.ActiveCfg = Release|Any CPU
		{05BAF816-14A1-43E0-93EF-9BF1DB264272}.Release|Any CPU.Build.0 = Release|Any CPU
		{BED69D74-6289-4CAB-8D30-BE111F855E65}.Debug|Any CPU.ActiveCfg = Debug|Any CPU
		{BED69D74-6289-4CAB-8D30-BE111F855E65}.Debug|Any CPU.Build.0 = Debug|Any CPU
		{BED69D74-6289-4CAB-8D30-BE111F855E65}.Release|Any CPU.ActiveCfg = Release|Any CPU
		{BED69D74-6289-4CAB-8D30-BE111F855E65}.Release|Any CPU.Build.0 = Release|Any CPU
		{7B275702-B52D-4170-B409-3C7DDBA29BB5}.Debug|Any CPU.ActiveCfg = Debug|Any CPU
		{7B275702-B52D-4170-B409-3C7DDBA29BB5}.Debug|Any CPU.Build.0 = Debug|Any CPU
		{7B275702-B52D-4170-B409-3C7DDBA29BB5}.Release|Any CPU.ActiveCfg = Release|Any CPU
		{7B275702-B52D-4170-B409-3C7DDBA29BB5}.Release|Any CPU.Build.0 = Release|Any CPU
		{752B793A-12BD-4815-ADE6-D906293DBE11}.Debug|Any CPU.ActiveCfg = Debug|Any CPU
		{752B793A-12BD-4815-ADE6-D906293DBE11}.Debug|Any CPU.Build.0 = Debug|Any CPU
		{752B793A-12BD-4815-ADE6-D906293DBE11}.Release|Any CPU.ActiveCfg = Release|Any CPU
		{752B793A-12BD-4815-ADE6-D906293DBE11}.Release|Any CPU.Build.0 = Release|Any CPU
		{550FC6C7-1CCC-44B6-89D9-F93907C55999}.Debug|Any CPU.ActiveCfg = Debug|Any CPU
		{550FC6C7-1CCC-44B6-89D9-F93907C55999}.Debug|Any CPU.Build.0 = Debug|Any CPU
		{550FC6C7-1CCC-44B6-89D9-F93907C55999}.Release|Any CPU.ActiveCfg = Release|Any CPU
		{550FC6C7-1CCC-44B6-89D9-F93907C55999}.Release|Any CPU.Build.0 = Release|Any CPU
	EndGlobalSection
	GlobalSection(SolutionProperties) = preSolution
		HideSolutionNode = FALSE
	EndGlobalSection
	GlobalSection(ExtensibilityGlobals) = postSolution
		SolutionGuid = {A7FAD998-87A6-4D47-AA0F-D88B4CC1FAC5}
	EndGlobalSection
EndGlobal
