
Microsoft Visual Studio Solution File, Format Version 12.00
# Visual Studio Version 17
VisualStudioVersion = 17.7.34018.315
MinimumVisualStudioVersion = 10.0.40219.1
Project("{9A19103F-16F7-4668-BE54-9A1E7A4F7556}") = "APTEKA Software", "APTEKA Software\APTEKA Software.csproj", "{7E70FA08-672B-4ADC-B636-E5C4BAEC5E67}"
EndProject
Project("{FAE04EC0-301F-11D3-BF4B-00C04F79EFBC}") = "APTEKA Software.Tests", "APTEKA Software.Tests\APTEKA Software.Tests.csproj", "{5DB6419E-C953-4242-92FB-16EBA36248E3}"
	ProjectSection(ProjectDependencies) = postProject
		{7E70FA08-672B-4ADC-B636-E5C4BAEC5E67} = {7E70FA08-672B-4ADC-B636-E5C4BAEC5E67}
	EndProjectSection
EndProject
Global
	GlobalSection(SolutionConfigurationPlatforms) = preSolution
		Debug|Any CPU = Debug|Any CPU
		Release|Any CPU = Release|Any CPU
	EndGlobalSection
	GlobalSection(ProjectConfigurationPlatforms) = postSolution
		{7E70FA08-672B-4ADC-B636-E5C4BAEC5E67}.Debug|Any CPU.ActiveCfg = Debug|Any CPU
		{7E70FA08-672B-4ADC-B636-E5C4BAEC5E67}.Debug|Any CPU.Build.0 = Debug|Any CPU
		{7E70FA08-672B-4ADC-B636-E5C4BAEC5E67}.Release|Any CPU.ActiveCfg = Release|Any CPU
		{7E70FA08-672B-4ADC-B636-E5C4BAEC5E67}.Release|Any CPU.Build.0 = Release|Any CPU
		{5DB6419E-C953-4242-92FB-16EBA36248E3}.Debug|Any CPU.ActiveCfg = Debug|Any CPU
		{5DB6419E-C953-4242-92FB-16EBA36248E3}.Debug|Any CPU.Build.0 = Debug|Any CPU
		{5DB6419E-C953-4242-92FB-16EBA36248E3}.Release|Any CPU.ActiveCfg = Release|Any CPU
		{5DB6419E-C953-4242-92FB-16EBA36248E3}.Release|Any CPU.Build.0 = Release|Any CPU
	EndGlobalSection
	GlobalSection(SolutionProperties) = preSolution
		HideSolutionNode = FALSE
	EndGlobalSection
	GlobalSection(ExtensibilityGlobals) = postSolution
		SolutionGuid = {16F7CE1C-790E-444C-BD06-FF64B99B2E10}
	EndGlobalSection
EndGlobal
