
Microsoft Visual Studio Solution File, Format Version 12.00
# Visual Studio Version 17
VisualStudioVersion = 17.5.33516.290
MinimumVisualStudioVersion = 10.0.40219.1
Project("{FAE04EC0-301F-11D3-BF4B-00C04F79EFBC}") = "Army Lunch 2 100", "Army Lunch 2 100.csproj", "{9BCB39EC-1116-4F46-90E8-DBAE7D5AD297}"
EndProject
Global
	GlobalSection(SolutionConfigurationPlatforms) = preSolution
		Debug|Any CPU = Debug|Any CPU
		Release|Any CPU = Release|Any CPU
	EndGlobalSection
	GlobalSection(ProjectConfigurationPlatforms) = postSolution
		{9BCB39EC-1116-4F46-90E8-DBAE7D5AD297}.Debug|Any CPU.ActiveCfg = Debug|Any CPU
		{9BCB39EC-1116-4F46-90E8-DBAE7D5AD297}.Debug|Any CPU.Build.0 = Debug|Any CPU
		{9BCB39EC-1116-4F46-90E8-DBAE7D5AD297}.Release|Any CPU.ActiveCfg = Release|Any CPU
		{9BCB39EC-1116-4F46-90E8-DBAE7D5AD297}.Release|Any CPU.Build.0 = Release|Any CPU
	EndGlobalSection
	GlobalSection(SolutionProperties) = preSolution
		HideSolutionNode = FALSE
	EndGlobalSection
	GlobalSection(ExtensibilityGlobals) = postSolution
		SolutionGuid = {2CFA45D3-CB3C-455A-A100-78834C4458F6}
	EndGlobalSection
EndGlobal
