
Microsoft Visual Studio Solution File, Format Version 12.00
# Visual Studio Version 17
VisualStudioVersion = 17.5.33516.290
MinimumVisualStudioVersion = 10.0.40219.1
Project("{FAE04EC0-301F-11D3-BF4B-00C04F79EFBC}") = "FibonacciFibonacci", "FibonacciFibonacci.csproj", "{630B401D-FB6B-4810-B96B-6195FAA45127}"
EndProject
Project("{FAE04EC0-301F-11D3-BF4B-00C04F79EFBC}") = "Count X", "..\Count X\Count X.csproj", "{B6EE5385-97B4-43FF-8F91-7AA453233622}"
EndProject
Global
	GlobalSection(SolutionConfigurationPlatforms) = preSolution
		Debug|Any CPU = Debug|Any CPU
		Release|Any CPU = Release|Any CPU
	EndGlobalSection
	GlobalSection(ProjectConfigurationPlatforms) = postSolution
		{630B401D-FB6B-4810-B96B-6195FAA45127}.Debug|Any CPU.ActiveCfg = Debug|Any CPU
		{630B401D-FB6B-4810-B96B-6195FAA45127}.Debug|Any CPU.Build.0 = Debug|Any CPU
		{630B401D-FB6B-4810-B96B-6195FAA45127}.Release|Any CPU.ActiveCfg = Release|Any CPU
		{630B401D-FB6B-4810-B96B-6195FAA45127}.Release|Any CPU.Build.0 = Release|Any CPU
		{B6EE5385-97B4-43FF-8F91-7AA453233622}.Debug|Any CPU.ActiveCfg = Debug|Any CPU
		{B6EE5385-97B4-43FF-8F91-7AA453233622}.Debug|Any CPU.Build.0 = Debug|Any CPU
		{B6EE5385-97B4-43FF-8F91-7AA453233622}.Release|Any CPU.ActiveCfg = Release|Any CPU
		{B6EE5385-97B4-43FF-8F91-7AA453233622}.Release|Any CPU.Build.0 = Release|Any CPU
	EndGlobalSection
	GlobalSection(SolutionProperties) = preSolution
		HideSolutionNode = FALSE
	EndGlobalSection
	GlobalSection(ExtensibilityGlobals) = postSolution
		SolutionGuid = {A06EFC16-43CF-4F79-901E-4767B46A6EAF}
	EndGlobalSection
EndGlobal
