
Microsoft Visual Studio Solution File, Format Version 12.00
# Visual Studio Version 17
VisualStudioVersion = 17.4.33205.214
MinimumVisualStudioVersion = 10.0.40219.1
Project("{FAE04EC0-301F-11D3-BF4B-00C04F79EFBC}") = "ExceptionHandlerDemo", "ExceptionHandlerDemo.csproj", "{9F26C702-A499-487A-AE38-DC90A5CDBA5F}"
EndProject
Global
	GlobalSection(SolutionConfigurationPlatforms) = preSolution
		Debug|Any CPU = Debug|Any CPU
		Release|Any CPU = Release|Any CPU
	EndGlobalSection
	GlobalSection(ProjectConfigurationPlatforms) = postSolution
		{9F26C702-A499-487A-AE38-DC90A5CDBA5F}.Debug|Any CPU.ActiveCfg = Debug|Any CPU
		{9F26C702-A499-487A-AE38-DC90A5CDBA5F}.Debug|Any CPU.Build.0 = Debug|Any CPU
		{9F26C702-A499-487A-AE38-DC90A5CDBA5F}.Release|Any CPU.ActiveCfg = Release|Any CPU
		{9F26C702-A499-487A-AE38-DC90A5CDBA5F}.Release|Any CPU.Build.0 = Release|Any CPU
	EndGlobalSection
	GlobalSection(SolutionProperties) = preSolution
		HideSolutionNode = FALSE
	EndGlobalSection
	GlobalSection(ExtensibilityGlobals) = postSolution
		SolutionGuid = {2AC1E20B-7981-4B95-9742-52DF2591EA37}
	EndGlobalSection
EndGlobal
