
Microsoft Visual Studio Solution File, Format Version 12.00
# Visual Studio Version 17
VisualStudioVersion = 17.5.33516.290
MinimumVisualStudioVersion = 10.0.40219.1
Project("{FAE04EC0-301F-11D3-BF4B-00C04F79EFBC}") = "Backspace String Compare", "Backspace String Compare.csproj", "{CED736A7-A28E-42F5-B5ED-6A613A0800EE}"
EndProject
Global
	GlobalSection(SolutionConfigurationPlatforms) = preSolution
		Debug|Any CPU = Debug|Any CPU
		Release|Any CPU = Release|Any CPU
	EndGlobalSection
	GlobalSection(ProjectConfigurationPlatforms) = postSolution
		{CED736A7-A28E-42F5-B5ED-6A613A0800EE}.Debug|Any CPU.ActiveCfg = Debug|Any CPU
		{CED736A7-A28E-42F5-B5ED-6A613A0800EE}.Debug|Any CPU.Build.0 = Debug|Any CPU
		{CED736A7-A28E-42F5-B5ED-6A613A0800EE}.Release|Any CPU.ActiveCfg = Release|Any CPU
		{CED736A7-A28E-42F5-B5ED-6A613A0800EE}.Release|Any CPU.Build.0 = Release|Any CPU
	EndGlobalSection
	GlobalSection(SolutionProperties) = preSolution
		HideSolutionNode = FALSE
	EndGlobalSection
	GlobalSection(ExtensibilityGlobals) = postSolution
		SolutionGuid = {F285FC17-D9B0-475B-B1A8-BD63B92BA154}
	EndGlobalSection
EndGlobal
