
Microsoft Visual Studio Solution File, Format Version 12.00
# Visual Studio Version 17
VisualStudioVersion = 17.6.33723.286
MinimumVisualStudioVersion = 10.0.40219.1
Project("{9A19103F-16F7-4668-BE54-9A1E7A4F7556}") = "Gaming Forum", "Gaming Forum\Gaming Forum.csproj", "{39150F2D-DAB9-411F-A424-33CC4E323B59}"
EndProject
Project("{FAE04EC0-301F-11D3-BF4B-00C04F79EFBC}") = "Gaming Forum.Tests", "Gaming Forum.Tests\Gaming Forum.Tests.csproj", "{164E32C2-26FD-47D6-AF68-68318D6556B0}"
EndProject
Global
	GlobalSection(SolutionConfigurationPlatforms) = preSolution
		Debug|Any CPU = Debug|Any CPU
		Release|Any CPU = Release|Any CPU
	EndGlobalSection
	GlobalSection(ProjectConfigurationPlatforms) = postSolution
		{39150F2D-DAB9-411F-A424-33CC4E323B59}.Debug|Any CPU.ActiveCfg = Debug|Any CPU
		{39150F2D-DAB9-411F-A424-33CC4E323B59}.Debug|Any CPU.Build.0 = Debug|Any CPU
		{39150F2D-DAB9-411F-A424-33CC4E323B59}.Release|Any CPU.ActiveCfg = Release|Any CPU
		{39150F2D-DAB9-411F-A424-33CC4E323B59}.Release|Any CPU.Build.0 = Release|Any CPU
		{164E32C2-26FD-47D6-AF68-68318D6556B0}.Debug|Any CPU.ActiveCfg = Debug|Any CPU
		{164E32C2-26FD-47D6-AF68-68318D6556B0}.Debug|Any CPU.Build.0 = Debug|Any CPU
		{164E32C2-26FD-47D6-AF68-68318D6556B0}.Release|Any CPU.ActiveCfg = Release|Any CPU
		{164E32C2-26FD-47D6-AF68-68318D6556B0}.Release|Any CPU.Build.0 = Release|Any CPU
	EndGlobalSection
	GlobalSection(SolutionProperties) = preSolution
		HideSolutionNode = FALSE
	EndGlobalSection
	GlobalSection(ExtensibilityGlobals) = postSolution
		SolutionGuid = {F9588555-1B26-42B7-95D0-3EEA67C8BF17}
	EndGlobalSection
EndGlobal
